
Microsoft Visual Studio Solution File, Format Version 12.00
# Visual Studio Version 17
VisualStudioVersion = 17.0.31903.59
MinimumVisualStudioVersion = 10.0.40219.1
Project("{9A19103F-16F7-4668-BE54-9A1E7A4F7556}") = "Infra.Core", "Core\Infra.Core\Infra.Core.csproj", "{E4C94A46-85F3-45E8-88A9-4FF274FB500E}"
EndProject
Project("{2150E333-8FDC-42A3-9474-1A3956D46DE8}") = "Core", "Core", "{C4F80B05-F5D4-4229-9D59-6F8BACB3A547}"
EndProject
Project("{2150E333-8FDC-42A3-9474-1A3956D46DE8}") = "Infra", "Infra", "{BBCE6B07-AD22-44BE-BB64-775BF7118C50}"
EndProject
Project("{2150E333-8FDC-42A3-9474-1A3956D46DE8}") = "Email", "Email", "{B49B0BE5-FB17-425B-8F35-1142DB608B6A}"
EndProject
Project("{2150E333-8FDC-42A3-9474-1A3956D46DE8}") = "FileAccess", "FileAccess", "{CA8E5424-FD59-46E9-829C-CA74DA7D5E3A}"
EndProject
Project("{9A19103F-16F7-4668-BE54-9A1E7A4F7556}") = "Infra.Email.Smtp", "Infra\Email\Infra.Email.Smtp\Infra.Email.Smtp.csproj", "{2CBCACC2-94F1-4DBB-82B7-F558CE370748}"
EndProject
Project("{9A19103F-16F7-4668-BE54-9A1E7A4F7556}") = "Infra.FileAccess.Physical", "Infra\FileAccess\Infra.FileAccess.Physical\Infra.FileAccess.Physical.csproj", "{11D44A5F-9413-4FC1-BC85-DA6E74EC3C7D}"
EndProject
Project("{2150E333-8FDC-42A3-9474-1A3956D46DE8}") = "Solution", "Solution", "{BEF4EC0F-A6DF-4CB9-A17B-8F630DDFBC44}"
	ProjectSection(SolutionItems) = preProject
		.editorconfig = .editorconfig
	EndProjectSection
EndProject
Project("{2150E333-8FDC-42A3-9474-1A3956D46DE8}") = "Test", "Test", "{9D90D3AB-7259-4BC3-BE00-FEF0D215E0D1}"
EndProject
Project("{2150E333-8FDC-42A3-9474-1A3956D46DE8}") = "Email", "Email", "{5E14A820-9AAD-4476-9049-320AE8F31064}"
EndProject
Project("{2150E333-8FDC-42A3-9474-1A3956D46DE8}") = "Core", "Core", "{8E9B901F-3760-476C-87A0-5B3DE74F35BF}"
EndProject
Project("{9A19103F-16F7-4668-BE54-9A1E7A4F7556}") = "Infra.Core.IntegrationTest", "Test\Core\Infra.Core.IntegrationTest\Infra.Core.IntegrationTest.csproj", "{D8CDF8D3-9B63-4AA7-8C7F-B306F4F17AF2}"
EndProject
Project("{2150E333-8FDC-42A3-9474-1A3956D46DE8}") = "EventBus", "EventBus", "{D7F59DC9-595C-425A-AA36-F66ACA8D5F91}"
EndProject
Project("{9A19103F-16F7-4668-BE54-9A1E7A4F7556}") = "Infra.EventBus.RabbitMQ", "Infra\EventBus\Infra.EventBus.RabbitMQ\Infra.EventBus.RabbitMQ.csproj", "{76723B3A-DE62-4900-9F1B-FD575B9E21E6}"
EndProject
Project("{9A19103F-16F7-4668-BE54-9A1E7A4F7556}") = "Infra.FileAccess.Grpc", "Infra\FileAccess\Infra.FileAccess.Grpc\Infra.FileAccess.Grpc.csproj", "{0A5668B7-3D6C-47A8-94EF-FF2CC5EB94EE}"
EndProject
Project("{2150E333-8FDC-42A3-9474-1A3956D46DE8}") = "Server", "Server", "{4124DA71-0ECC-4D94-80A4-9B004FB78FEA}"
EndProject
Project("{2150E333-8FDC-42A3-9474-1A3956D46DE8}") = "File", "File", "{31F725B3-1FB5-4C48-8F0B-478185D32C93}"
EndProject
Project("{9A19103F-16F7-4668-BE54-9A1E7A4F7556}") = "GrpcFileServer", "Server\File\GrpcFileServer\GrpcFileServer.csproj", "{DC4D7010-BB1B-46C1-9612-2611092DF5B2}"
EndProject
Project("{2150E333-8FDC-42A3-9474-1A3956D46DE8}") = "FileAccess", "FileAccess", "{D60FC046-4051-449D-AA8F-609062CB4116}"
EndProject
Project("{2150E333-8FDC-42A3-9474-1A3956D46DE8}") = "Cache", "Cache", "{DA7722CC-7591-4D12-97D9-7CCC928FF3EF}"
EndProject
Project("{FAE04EC0-301F-11D3-BF4B-00C04F79EFBC}") = "Infra.Caching.Memory", "Infra\Cache\Infra.Caching.Memory\Infra.Caching.Memory.csproj", "{023136FF-6DE0-4C0F-AF4D-A93BDB7F0A8A}"
EndProject
Project("{FAE04EC0-301F-11D3-BF4B-00C04F79EFBC}") = "Infra.Caching.Redis", "Infra\Cache\Infra.Caching.Redis\Infra.Caching.Redis.csproj", "{764211C1-525E-47AB-BE7F-F678632CA4B0}"
EndProject
Project("{2150E333-8FDC-42A3-9474-1A3956D46DE8}") = "Infra", "Infra", "{8FDC0C09-6ABC-4F38-8197-B9045D7A2B0E}"
EndProject
Project("{FAE04EC0-301F-11D3-BF4B-00C04F79EFBC}") = "Infra.Email.Smtp.IntegrationTest", "Test\Infra\Email\Infra.Email.Smtp.IntegrationTest\Infra.Email.Smtp.IntegrationTest.csproj", "{58906875-1D71-426B-B14B-F3D986CF72B8}"
EndProject
Project("{FAE04EC0-301F-11D3-BF4B-00C04F79EFBC}") = "Infra.FileAccess.Physical.IntegrationTest", "Test\Infra\FileAccess\Infra.FileAccess.Physical.IntegrationTest\Infra.FileAccess.Physical.IntegrationTest.csproj", "{32580656-1FFD-4F00-9A11-375247510CED}"
EndProject
Project("{FAE04EC0-301F-11D3-BF4B-00C04F79EFBC}") = "Infra.FileAccess.Grpc.IntegrationTest", "Test\Infra\FileAccess\Infra.FileAccess.Grpc.IntegrationTest\Infra.FileAccess.Grpc.IntegrationTest.csproj", "{66DBA724-4A0C-4CDA-AFF1-EFB0819F427E}"
EndProject
Project("{2150E333-8FDC-42A3-9474-1A3956D46DE8}") = "Cache", "Cache", "{388AC30D-19A0-41AB-9534-DB1C8F831BBD}"
EndProject
Project("{FAE04EC0-301F-11D3-BF4B-00C04F79EFBC}") = "Infra.Caching.Memory.IntegrationTest", "Test\Infra\Cache\Infra.Caching.Memory.IntegrationTest\Infra.Caching.Memory.IntegrationTest.csproj", "{1C83B479-3063-41A2-88E3-C989DB335EA8}"
EndProject
Project("{FAE04EC0-301F-11D3-BF4B-00C04F79EFBC}") = "Infra.Caching.Redis.IntegrationTest", "Test\Infra\Cache\Infra.Caching.Redis.IntegrationTest\Infra.Caching.Redis.IntegrationTest.csproj", "{A923E6C2-47D9-4E06-98BD-C7AEB351EFAD}"
EndProject
Project("{2150E333-8FDC-42A3-9474-1A3956D46DE8}") = "Time", "Time", "{6C970560-A9AE-4A1F-ACCC-432EF1CC5A68}"
EndProject
Project("{FAE04EC0-301F-11D3-BF4B-00C04F79EFBC}") = "Infra.Time", "Infra\Time\Infra.Time\Infra.Time.csproj", "{93579E16-0F54-41AA-A944-7EAA96AC0BB2}"
EndProject
Global
	GlobalSection(SolutionConfigurationPlatforms) = preSolution
		Debug|Any CPU = Debug|Any CPU
		Release|Any CPU = Release|Any CPU
	EndGlobalSection
	GlobalSection(ProjectConfigurationPlatforms) = postSolution
		{E4C94A46-85F3-45E8-88A9-4FF274FB500E}.Debug|Any CPU.ActiveCfg = Debug|Any CPU
		{E4C94A46-85F3-45E8-88A9-4FF274FB500E}.Debug|Any CPU.Build.0 = Debug|Any CPU
		{E4C94A46-85F3-45E8-88A9-4FF274FB500E}.Release|Any CPU.ActiveCfg = Release|Any CPU
		{E4C94A46-85F3-45E8-88A9-4FF274FB500E}.Release|Any CPU.Build.0 = Release|Any CPU
		{2CBCACC2-94F1-4DBB-82B7-F558CE370748}.Debug|Any CPU.ActiveCfg = Debug|Any CPU
		{2CBCACC2-94F1-4DBB-82B7-F558CE370748}.Debug|Any CPU.Build.0 = Debug|Any CPU
		{2CBCACC2-94F1-4DBB-82B7-F558CE370748}.Release|Any CPU.ActiveCfg = Release|Any CPU
		{2CBCACC2-94F1-4DBB-82B7-F558CE370748}.Release|Any CPU.Build.0 = Release|Any CPU
		{11D44A5F-9413-4FC1-BC85-DA6E74EC3C7D}.Debug|Any CPU.ActiveCfg = Debug|Any CPU
		{11D44A5F-9413-4FC1-BC85-DA6E74EC3C7D}.Debug|Any CPU.Build.0 = Debug|Any CPU
		{11D44A5F-9413-4FC1-BC85-DA6E74EC3C7D}.Release|Any CPU.ActiveCfg = Release|Any CPU
		{11D44A5F-9413-4FC1-BC85-DA6E74EC3C7D}.Release|Any CPU.Build.0 = Release|Any CPU
		{D8CDF8D3-9B63-4AA7-8C7F-B306F4F17AF2}.Debug|Any CPU.ActiveCfg = Debug|Any CPU
		{D8CDF8D3-9B63-4AA7-8C7F-B306F4F17AF2}.Debug|Any CPU.Build.0 = Debug|Any CPU
		{D8CDF8D3-9B63-4AA7-8C7F-B306F4F17AF2}.Release|Any CPU.ActiveCfg = Release|Any CPU
		{D8CDF8D3-9B63-4AA7-8C7F-B306F4F17AF2}.Release|Any CPU.Build.0 = Release|Any CPU
		{76723B3A-DE62-4900-9F1B-FD575B9E21E6}.Debug|Any CPU.ActiveCfg = Debug|Any CPU
		{76723B3A-DE62-4900-9F1B-FD575B9E21E6}.Debug|Any CPU.Build.0 = Debug|Any CPU
		{76723B3A-DE62-4900-9F1B-FD575B9E21E6}.Release|Any CPU.ActiveCfg = Release|Any CPU
		{76723B3A-DE62-4900-9F1B-FD575B9E21E6}.Release|Any CPU.Build.0 = Release|Any CPU
		{0A5668B7-3D6C-47A8-94EF-FF2CC5EB94EE}.Debug|Any CPU.ActiveCfg = Debug|Any CPU
		{0A5668B7-3D6C-47A8-94EF-FF2CC5EB94EE}.Debug|Any CPU.Build.0 = Debug|Any CPU
		{0A5668B7-3D6C-47A8-94EF-FF2CC5EB94EE}.Release|Any CPU.ActiveCfg = Release|Any CPU
		{0A5668B7-3D6C-47A8-94EF-FF2CC5EB94EE}.Release|Any CPU.Build.0 = Release|Any CPU
		{DC4D7010-BB1B-46C1-9612-2611092DF5B2}.Debug|Any CPU.ActiveCfg = Debug|Any CPU
		{DC4D7010-BB1B-46C1-9612-2611092DF5B2}.Debug|Any CPU.Build.0 = Debug|Any CPU
		{DC4D7010-BB1B-46C1-9612-2611092DF5B2}.Release|Any CPU.ActiveCfg = Release|Any CPU
		{DC4D7010-BB1B-46C1-9612-2611092DF5B2}.Release|Any CPU.Build.0 = Release|Any CPU
		{023136FF-6DE0-4C0F-AF4D-A93BDB7F0A8A}.Debug|Any CPU.ActiveCfg = Debug|Any CPU
		{023136FF-6DE0-4C0F-AF4D-A93BDB7F0A8A}.Debug|Any CPU.Build.0 = Debug|Any CPU
		{023136FF-6DE0-4C0F-AF4D-A93BDB7F0A8A}.Release|Any CPU.ActiveCfg = Release|Any CPU
		{023136FF-6DE0-4C0F-AF4D-A93BDB7F0A8A}.Release|Any CPU.Build.0 = Release|Any CPU
		{764211C1-525E-47AB-BE7F-F678632CA4B0}.Debug|Any CPU.ActiveCfg = Debug|Any CPU
		{764211C1-525E-47AB-BE7F-F678632CA4B0}.Debug|Any CPU.Build.0 = Debug|Any CPU
		{764211C1-525E-47AB-BE7F-F678632CA4B0}.Release|Any CPU.ActiveCfg = Release|Any CPU
		{764211C1-525E-47AB-BE7F-F678632CA4B0}.Release|Any CPU.Build.0 = Release|Any CPU
		{58906875-1D71-426B-B14B-F3D986CF72B8}.Debug|Any CPU.ActiveCfg = Debug|Any CPU
		{58906875-1D71-426B-B14B-F3D986CF72B8}.Debug|Any CPU.Build.0 = Debug|Any CPU
		{58906875-1D71-426B-B14B-F3D986CF72B8}.Release|Any CPU.ActiveCfg = Release|Any CPU
		{58906875-1D71-426B-B14B-F3D986CF72B8}.Release|Any CPU.Build.0 = Release|Any CPU
		{32580656-1FFD-4F00-9A11-375247510CED}.Debug|Any CPU.ActiveCfg = Debug|Any CPU
		{32580656-1FFD-4F00-9A11-375247510CED}.Debug|Any CPU.Build.0 = Debug|Any CPU
		{32580656-1FFD-4F00-9A11-375247510CED}.Release|Any CPU.ActiveCfg = Release|Any CPU
		{32580656-1FFD-4F00-9A11-375247510CED}.Release|Any CPU.Build.0 = Release|Any CPU
		{66DBA724-4A0C-4CDA-AFF1-EFB0819F427E}.Debug|Any CPU.ActiveCfg = Debug|Any CPU
		{66DBA724-4A0C-4CDA-AFF1-EFB0819F427E}.Debug|Any CPU.Build.0 = Debug|Any CPU
		{66DBA724-4A0C-4CDA-AFF1-EFB0819F427E}.Release|Any CPU.ActiveCfg = Release|Any CPU
		{66DBA724-4A0C-4CDA-AFF1-EFB0819F427E}.Release|Any CPU.Build.0 = Release|Any CPU
		{1C83B479-3063-41A2-88E3-C989DB335EA8}.Debug|Any CPU.ActiveCfg = Debug|Any CPU
		{1C83B479-3063-41A2-88E3-C989DB335EA8}.Debug|Any CPU.Build.0 = Debug|Any CPU
		{1C83B479-3063-41A2-88E3-C989DB335EA8}.Release|Any CPU.ActiveCfg = Release|Any CPU
		{1C83B479-3063-41A2-88E3-C989DB335EA8}.Release|Any CPU.Build.0 = Release|Any CPU
		{A923E6C2-47D9-4E06-98BD-C7AEB351EFAD}.Debug|Any CPU.ActiveCfg = Debug|Any CPU
		{A923E6C2-47D9-4E06-98BD-C7AEB351EFAD}.Debug|Any CPU.Build.0 = Debug|Any CPU
		{A923E6C2-47D9-4E06-98BD-C7AEB351EFAD}.Release|Any CPU.ActiveCfg = Release|Any CPU
		{A923E6C2-47D9-4E06-98BD-C7AEB351EFAD}.Release|Any CPU.Build.0 = Release|Any CPU
		{93579E16-0F54-41AA-A944-7EAA96AC0BB2}.Debug|Any CPU.ActiveCfg = Debug|Any CPU
		{93579E16-0F54-41AA-A944-7EAA96AC0BB2}.Debug|Any CPU.Build.0 = Debug|Any CPU
		{93579E16-0F54-41AA-A944-7EAA96AC0BB2}.Release|Any CPU.ActiveCfg = Release|Any CPU
		{93579E16-0F54-41AA-A944-7EAA96AC0BB2}.Release|Any CPU.Build.0 = Release|Any CPU
	EndGlobalSection
	GlobalSection(SolutionProperties) = preSolution
		HideSolutionNode = FALSE
	EndGlobalSection
	GlobalSection(NestedProjects) = preSolution
		{E4C94A46-85F3-45E8-88A9-4FF274FB500E} = {C4F80B05-F5D4-4229-9D59-6F8BACB3A547}
		{B49B0BE5-FB17-425B-8F35-1142DB608B6A} = {BBCE6B07-AD22-44BE-BB64-775BF7118C50}
		{CA8E5424-FD59-46E9-829C-CA74DA7D5E3A} = {BBCE6B07-AD22-44BE-BB64-775BF7118C50}
		{2CBCACC2-94F1-4DBB-82B7-F558CE370748} = {B49B0BE5-FB17-425B-8F35-1142DB608B6A}
		{11D44A5F-9413-4FC1-BC85-DA6E74EC3C7D} = {CA8E5424-FD59-46E9-829C-CA74DA7D5E3A}
		{8E9B901F-3760-476C-87A0-5B3DE74F35BF} = {9D90D3AB-7259-4BC3-BE00-FEF0D215E0D1}
		{D8CDF8D3-9B63-4AA7-8C7F-B306F4F17AF2} = {8E9B901F-3760-476C-87A0-5B3DE74F35BF}
		{D7F59DC9-595C-425A-AA36-F66ACA8D5F91} = {BBCE6B07-AD22-44BE-BB64-775BF7118C50}
		{76723B3A-DE62-4900-9F1B-FD575B9E21E6} = {D7F59DC9-595C-425A-AA36-F66ACA8D5F91}
		{0A5668B7-3D6C-47A8-94EF-FF2CC5EB94EE} = {CA8E5424-FD59-46E9-829C-CA74DA7D5E3A}
		{31F725B3-1FB5-4C48-8F0B-478185D32C93} = {4124DA71-0ECC-4D94-80A4-9B004FB78FEA}
		{DC4D7010-BB1B-46C1-9612-2611092DF5B2} = {31F725B3-1FB5-4C48-8F0B-478185D32C93}
		{DA7722CC-7591-4D12-97D9-7CCC928FF3EF} = {BBCE6B07-AD22-44BE-BB64-775BF7118C50}
		{023136FF-6DE0-4C0F-AF4D-A93BDB7F0A8A} = {DA7722CC-7591-4D12-97D9-7CCC928FF3EF}
		{764211C1-525E-47AB-BE7F-F678632CA4B0} = {DA7722CC-7591-4D12-97D9-7CCC928FF3EF}
		{8FDC0C09-6ABC-4F38-8197-B9045D7A2B0E} = {9D90D3AB-7259-4BC3-BE00-FEF0D215E0D1}
		{5E14A820-9AAD-4476-9049-320AE8F31064} = {8FDC0C09-6ABC-4F38-8197-B9045D7A2B0E}
		{D60FC046-4051-449D-AA8F-609062CB4116} = {8FDC0C09-6ABC-4F38-8197-B9045D7A2B0E}
		{58906875-1D71-426B-B14B-F3D986CF72B8} = {5E14A820-9AAD-4476-9049-320AE8F31064}
		{32580656-1FFD-4F00-9A11-375247510CED} = {D60FC046-4051-449D-AA8F-609062CB4116}
		{66DBA724-4A0C-4CDA-AFF1-EFB0819F427E} = {D60FC046-4051-449D-AA8F-609062CB4116}
		{388AC30D-19A0-41AB-9534-DB1C8F831BBD} = {8FDC0C09-6ABC-4F38-8197-B9045D7A2B0E}
		{1C83B479-3063-41A2-88E3-C989DB335EA8} = {388AC30D-19A0-41AB-9534-DB1C8F831BBD}
		{A923E6C2-47D9-4E06-98BD-C7AEB351EFAD} = {388AC30D-19A0-41AB-9534-DB1C8F831BBD}
		{6C970560-A9AE-4A1F-ACCC-432EF1CC5A68} = {BBCE6B07-AD22-44BE-BB64-775BF7118C50}
		{93579E16-0F54-41AA-A944-7EAA96AC0BB2} = {6C970560-A9AE-4A1F-ACCC-432EF1CC5A68}
	EndGlobalSection
	GlobalSection(ExtensibilityGlobals) = postSolution
		SolutionGuid = {89635059-8C4D-4BBA-A465-9F18B51AA3CD}
	EndGlobalSection
EndGlobal
